<?xml version="1.0" encoding="utf-8"?>
<Project ToolsVersion="4.0" xmlns="http://schemas.microsoft.com/developer/msbuild/2003">
  <ItemGroup>
    <Filter Include="Source Files">
      <UniqueIdentifier>{4FC737F1-C7A5-4376-A066-2A32D752A2FF}</UniqueIdentifier>
      <Extensions>cpp;c;cc;cxx;c++;cppm;ixx;def;odl;idl;hpj;bat;asm;asmx</Extensions>
    </Filter>
    <Filter Include="Header Files">
      <UniqueIdentifier>{93995380-89BD-4b04-88EB-625FBE52EBFB}</UniqueIdentifier>
      <Extensions>h;hh;hpp;hxx;h++;hm;inl;inc;ipp;xsd</Extensions>
    </Filter>
    <Filter Include="Logs">
      <UniqueIdentifier>{97d2d8ca-733b-45a1-8541-181ae1763e9f}</UniqueIdentifier>
    </Filter>
    <Filter Include="Parser">
      <UniqueIdentifier>{98cbec5a-b918-496d-8ced-6a4aaab96c53}</UniqueIdentifier>
    </Filter>
    <Filter Include="Compiler">
      <UniqueIdentifier>{202e7916-53eb-4e7b-b6ee-ae46bee048bc}</UniqueIdentifier>
    </Filter>
    <Filter Include="StackLibrary">
      <UniqueIdentifier>{5d5abfa1-9f90-4dbb-bd85-7e216f14d48d}</UniqueIdentifier>
    </Filter>
    <Filter Include="StringLibrary">
      <UniqueIdentifier>{a62bde02-f387-4636-a756-fbffd5600dc2}</UniqueIdentifier>
    </Filter>
    <Filter Include="Tree">
      <UniqueIdentifier>{2c13b70f-68cb-4b65-999b-a359bebc9664}</UniqueIdentifier>
    </Filter>
    <Filter Include="MyArray">
      <UniqueIdentifier>{f3886295-3247-4f4d-adb3-f284dd594ec3}</UniqueIdentifier>
    </Filter>
  </ItemGroup>
  <ItemGroup>
    <ClCompile Include="..\StringLibrary\StringLibrary.cpp">
      <Filter>StringLibrary</Filter>
    </ClCompile>
    <ClCompile Include="..\StackLibrary\StackDiagnostic.cpp">
      <Filter>StackLibrary</Filter>
    </ClCompile>
    <ClCompile Include="..\StackLibrary\StackLite.cpp">
      <Filter>StackLibrary</Filter>
    </ClCompile>
    <ClCompile Include="..\Logs\Logs.cpp">
      <Filter>Logs</Filter>
    </ClCompile>
    <ClCompile Include="..\Parser\Parser.cpp">
      <Filter>Parser</Filter>
    </ClCompile>
    <ClCompile Include="..\Parser\Lexer.cpp">
      <Filter>Parser</Filter>
    </ClCompile>
    <ClCompile Include="..\Math\Tree.cpp">
      <Filter>Tree</Filter>
    </ClCompile>
    <ClCompile Include="..\Math\LanguageTree.cpp">
      <Filter>Tree</Filter>
    </ClCompile>
    <ClCompile Include="..\MyStdLib.cpp">
      <Filter>Source Files</Filter>
    </ClCompile>
    <ClCompile Include="..\LanguageGrammar.cpp">
      <Filter>Source Files</Filter>
    </ClCompile>
    <ClCompile Include="..\main.cpp">
      <Filter>Source Files</Filter>
    </ClCompile>
    <ClCompile Include="..\UnitTests.cpp">
      <Filter>Source Files</Filter>
    </ClCompile>
    <ClCompile Include="..\StringLibrary\StringsUtf8.cpp">
      <Filter>StringLibrary</Filter>
    </ClCompile>
  </ItemGroup>
  <ItemGroup>
    <ClInclude Include="..\StringLibrary\StringLibrary.h">
      <Filter>StringLibrary</Filter>
    </ClInclude>
    <ClInclude Include="..\StackLibrary\StackDiagnostic.h">
      <Filter>StackLibrary</Filter>
    </ClInclude>
    <ClInclude Include="..\StackLibrary\StackLite.h">
      <Filter>StackLibrary</Filter>
    </ClInclude>
    <ClInclude Include="..\Parser\Parser.h">
      <Filter>Parser</Filter>
    </ClInclude>
    <ClInclude Include="..\Parser\Lexer.h">
      <Filter>Parser</Filter>
    </ClInclude>
    <ClInclude Include="..\LanguageGrammar.h">
      <Filter>Header Files</Filter>
    </ClInclude>
    <ClInclude Include="..\Config.h">
      <Filter>Header Files</Filter>
    </ClInclude>
    <ClInclude Include="..\Math\Tree.h">
      <Filter>Tree</Filter>
    </ClInclude>
    <ClInclude Include="..\Logs\Logs.h">
      <Filter>Logs</Filter>
    </ClInclude>
    <ClInclude Include="..\Math\UndefMathDSL.h">
      <Filter>Tree</Filter>
    </ClInclude>
    <ClInclude Include="..\Math\LanguageTree.h">
      <Filter>Tree</Filter>
    </ClInclude>
    <ClInclude Include="..\MyStdLib.h">
      <Filter>Header Files</Filter>
    </ClInclude>
    <ClInclude Include="..\UnitTests.h">
      <Filter>Header Files</Filter>
    </ClInclude>
    <ClInclude Include="..\StringLibrary\StringsUtf8.h">
      <Filter>StringLibrary</Filter>
    </ClInclude>
    <ClInclude Include="..\MyArray\MyArray.inc">
      <Filter>MyArray</Filter>
    </ClInclude>
    <ClInclude Include="..\Parser\ParserDefines.h">
      <Filter>Parser</Filter>
    </ClInclude>
    <ClInclude Include="..\Parser\ParserUndef.h">
      <Filter>Parser</Filter>
    </ClInclude>
  </ItemGroup>
  <ItemGroup>
    <None Include="..\Math\MathDSL.h">
      <Filter>Tree</Filter>
    </None>
  </ItemGroup>
</Project>